
Microsoft Visual Studio Solution File, Format Version 12.00
# Visual Studio Version 17
VisualStudioVersion = 17.3.32901.215
MinimumVisualStudioVersion = 10.0.40219.1
Project("{FAE04EC0-301F-11D3-BF4B-00C04F79EFBC}") = "SDET42", "SDET42\SDET42.csproj", "{74547F82-8063-4D06-ABAD-23007B6FE83D}"
EndProject
Global
	GlobalSection(SolutionConfigurationPlatforms) = preSolution
		Debug|Any CPU = Debug|Any CPU
		Release|Any CPU = Release|Any CPU
	EndGlobalSection
	GlobalSection(ProjectConfigurationPlatforms) = postSolution
		{74547F82-8063-4D06-ABAD-23007B6FE83D}.Debug|Any CPU.ActiveCfg = Debug|Any CPU
		{74547F82-8063-4D06-ABAD-23007B6FE83D}.Debug|Any CPU.Build.0 = Debug|Any CPU
		{74547F82-8063-4D06-ABAD-23007B6FE83D}.Release|Any CPU.ActiveCfg = Release|Any CPU
		{74547F82-8063-4D06-ABAD-23007B6FE83D}.Release|Any CPU.Build.0 = Release|Any CPU
	EndGlobalSection
	GlobalSection(SolutionProperties) = preSolution
		HideSolutionNode = FALSE
	EndGlobalSection
	GlobalSection(ExtensibilityGlobals) = postSolution
		SolutionGuid = {88C6F144-4A53-432C-B3B7-1A861A3F3B56}
	EndGlobalSection
EndGlobal
